// !$*UTF8*$!
{
	archiveVersion = 1;
	classes = {
	};
	objectVersion = 46;
	objects = {

/* Begin PBXFileReference section */
		E476D7FB1C849467006DF72F /* main.cpp */ = {isa = PBXFileReference; lastKnownFileType = sourcecode.cpp.cpp; path = main.cpp; sourceTree = "<group>"; };
		E476D7FC1C849467006DF72F /* Makefile */ = {isa = PBXFileReference; lastKnownFileType = sourcecode.make; path = Makefile; sourceTree = "<group>"; };
		E476D7FD1C849467006DF72F /* README.md */ = {isa = PBXFileReference; lastKnownFileType = net.daringfireball.markdown; path = README.md; sourceTree = "<group>"; };
		E476D7FE1C849467006DF72F /* setenv.sh */ = {isa = PBXFileReference; lastKnownFileType = text.script.sh; path = setenv.sh; sourceTree = "<group>"; };
		E476D80D1C849863006DF72F /* livecode */ = {isa = PBXFileReference; lastKnownFileType = "compiled.mach-o.executable"; path = livecode; sourceTree = "<group>"; };
		E476D8151C84AAD5006DF72F /* livecode.dylib */ = {isa = PBXFileReference; lastKnownFileType = "compiled.mach-o.dylib"; path = livecode.dylib; sourceTree = "<group>"; };
		E4E705A31C8BC1D7007120E6 /* AppDelegate.cpp */ = {isa = PBXFileReference; lastKnownFileType = sourcecode.cpp.cpp; path = AppDelegate.cpp; sourceTree = "<group>"; };
		E4E705A41C8BC1D7007120E6 /* AppDelegate.h */ = {isa = PBXFileReference; lastKnownFileType = sourcecode.c.h; path = AppDelegate.h; sourceTree = "<group>"; };
		E4E705A51C8BC1D7007120E6 /* livecode.cpp */ = {isa = PBXFileReference; lastKnownFileType = sourcecode.cpp.cpp; path = livecode.cpp; sourceTree = "<group>"; };
		E4E705A61C8BC1D7007120E6 /* HelloWorldScene.cpp */ = {isa = PBXFileReference; lastKnownFileType = sourcecode.cpp.cpp; path = HelloWorldScene.cpp; sourceTree = "<group>"; };
		E4E705A71C8BC1D7007120E6 /* HelloWorldScene.h */ = {isa = PBXFileReference; lastKnownFileType = sourcecode.c.h; path = HelloWorldScene.h; sourceTree = "<group>"; };
/* End PBXFileReference section */

/* Begin PBXGroup section */
		E476D7ED1C84929A006DF72F = {
			isa = PBXGroup;
			children = (
				E4E705A21C8BC1D7007120E6 /* Classes */,
				E4E7059C1C8BC1A8007120E6 /* Support */,
				E4E705AA1C8BC1E2007120E6 /* Products */,
			);
			sourceTree = "<group>";
		};
		E4E7059C1C8BC1A8007120E6 /* Support */ = {
			isa = PBXGroup;
			children = (
				E476D7FB1C849467006DF72F /* main.cpp */,
				E476D7FC1C849467006DF72F /* Makefile */,
				E476D7FD1C849467006DF72F /* README.md */,
				E476D7FE1C849467006DF72F /* setenv.sh */,
			);
			name = Support;
			sourceTree = "<group>";
		};
		E4E705A21C8BC1D7007120E6 /* Classes */ = {
			isa = PBXGroup;
			children = (
				E4E705A31C8BC1D7007120E6 /* AppDelegate.cpp */,
				E4E705A41C8BC1D7007120E6 /* AppDelegate.h */,
				E4E705A51C8BC1D7007120E6 /* livecode.cpp */,
				E4E705A61C8BC1D7007120E6 /* HelloWorldScene.cpp */,
				E4E705A71C8BC1D7007120E6 /* HelloWorldScene.h */,
			);
			path = Classes;
			sourceTree = "<group>";
		};
		E4E705AA1C8BC1E2007120E6 /* Products */ = {
			isa = PBXGroup;
			children = (
				E476D80D1C849863006DF72F /* livecode */,
				E476D8151C84AAD5006DF72F /* livecode.dylib */,
			);
			name = Products;
			sourceTree = "<group>";
		};
/* End PBXGroup section */

/* Begin PBXLegacyTarget section */
		E476D7F21C84929A006DF72F /* livecode */ = {
			isa = PBXLegacyTarget;
			buildArgumentsString = "$(ACTION)";
			buildConfigurationList = E476D7F51C84929A006DF72F /* Build configuration list for PBXLegacyTarget "livecode" */;
			buildPhases = (
			);
			buildToolPath = /usr/bin/make;
			buildWorkingDirectory = "$(PROJECT_DIR)";
			dependencies = (
			);
			name = livecode;
			passBuildSettingsInEnvironment = 1;
			productName = livecode;
		};
/* End PBXLegacyTarget section */

/* Begin PBXProject section */
		E476D7EE1C84929A006DF72F /* Project object */ = {
			isa = PBXProject;
			attributes = {
				LastUpgradeCheck = 0720;
				ORGANIZATIONNAME = "Rhody Lugo";
				TargetAttributes = {
					E476D7F21C84929A006DF72F = {
						CreatedOnToolsVersion = 7.2.1;
					};
				};
			};
			buildConfigurationList = E476D7F11C84929A006DF72F /* Build configuration list for PBXProject "livecode" */;
			compatibilityVersion = "Xcode 3.2";
			developmentRegion = English;
			hasScannedForEncodings = 0;
			knownRegions = (
				en,
			);
			mainGroup = E476D7ED1C84929A006DF72F;
			projectDirPath = "";
			projectRoot = "";
			targets = (
				E476D7F21C84929A006DF72F /* livecode */,
			);
		};
/* End PBXProject section */

/* Begin XCBuildConfiguration section */
		E476D7F31C84929A006DF72F /* Debug */ = {
			isa = XCBuildConfiguration;
			buildSettings = {
				ALWAYS_SEARCH_USER_PATHS = NO;
				CC_PATH = "/Applications/Cocos/Cocos2d-x/cocos2d-x-3.10";
				CLANG_CXX_LANGUAGE_STANDARD = "gnu++0x";
				CLANG_CXX_LIBRARY = "libc++";
				CLANG_ENABLE_MODULES = YES;
				CLANG_ENABLE_OBJC_ARC = YES;
				CLANG_WARN_BOOL_CONVERSION = YES;
				CLANG_WARN_CONSTANT_CONVERSION = YES;
				CLANG_WARN_DIRECT_OBJC_ISA_USAGE = YES_ERROR;
				CLANG_WARN_EMPTY_BODY = YES;
				CLANG_WARN_ENUM_CONVERSION = YES;
				CLANG_WARN_INT_CONVERSION = YES;
				CLANG_WARN_OBJC_ROOT_CLASS = YES_ERROR;
				CLANG_WARN_UNREACHABLE_CODE = YES;
				CLANG_WARN__DUPLICATE_METHOD_MATCH = YES;
				COPY_PHASE_STRIP = NO;
				DEBUG_INFORMATION_FORMAT = dwarf;
				ENABLE_STRICT_OBJC_MSGSEND = YES;
				ENABLE_TESTABILITY = YES;
				GCC_C_LANGUAGE_STANDARD = gnu99;
				GCC_DYNAMIC_NO_PIC = NO;
				GCC_NO_COMMON_BLOCKS = YES;
				GCC_OPTIMIZATION_LEVEL = 0;
				GCC_PREPROCESSOR_DEFINITIONS = (
					"DEBUG=1",
					"$(inherited)",
				);
				GCC_WARN_64_TO_32_BIT_CONVERSION = YES;
				GCC_WARN_ABOUT_RETURN_TYPE = YES_ERROR;
				GCC_WARN_UNDECLARED_SELECTOR = YES;
				GCC_WARN_UNINITIALIZED_AUTOS = YES_AGGRESSIVE;
				GCC_WARN_UNUSED_FUNCTION = YES;
				GCC_WARN_UNUSED_VARIABLE = YES;
				MTL_ENABLE_DEBUG_INFO = YES;
				ONLY_ACTIVE_ARCH = YES;
			};
			name = Debug;
		};
		E476D7F41C84929A006DF72F /* Release */ = {
			isa = XCBuildConfiguration;
			buildSettings = {
				ALWAYS_SEARCH_USER_PATHS = NO;
				CC_PATH = "/Applications/Cocos/Cocos2d-x/cocos2d-x-3.10";
				CLANG_CXX_LANGUAGE_STANDARD = "gnu++0x";
				CLANG_CXX_LIBRARY = "libc++";
				CLANG_ENABLE_MODULES = YES;
				CLANG_ENABLE_OBJC_ARC = YES;
				CLANG_WARN_BOOL_CONVERSION = YES;
				CLANG_WARN_CONSTANT_CONVERSION = YES;
				CLANG_WARN_DIRECT_OBJC_ISA_USAGE = YES_ERROR;
				CLANG_WARN_EMPTY_BODY = YES;
				CLANG_WARN_ENUM_CONVERSION = YES;
				CLANG_WARN_INT_CONVERSION = YES;
				CLANG_WARN_OBJC_ROOT_CLASS = YES_ERROR;
				CLANG_WARN_UNREACHABLE_CODE = YES;
				CLANG_WARN__DUPLICATE_METHOD_MATCH = YES;
				COPY_PHASE_STRIP = NO;
				DEBUG_INFORMATION_FORMAT = "dwarf-with-dsym";
				ENABLE_NS_ASSERTIONS = NO;
				ENABLE_STRICT_OBJC_MSGSEND = YES;
				GCC_C_LANGUAGE_STANDARD = gnu99;
				GCC_NO_COMMON_BLOCKS = YES;
				GCC_WARN_64_TO_32_BIT_CONVERSION = YES;
				GCC_WARN_ABOUT_RETURN_TYPE = YES_ERROR;
				GCC_WARN_UNDECLARED_SELECTOR = YES;
				GCC_WARN_UNINITIALIZED_AUTOS = YES_AGGRESSIVE;
				GCC_WARN_UNUSED_FUNCTION = YES;
				GCC_WARN_UNUSED_VARIABLE = YES;
				MTL_ENABLE_DEBUG_INFO = NO;
			};
			name = Release;
		};
		E476D7F61C84929A006DF72F /* Debug */ = {
			isa = XCBuildConfiguration;
			buildSettings = {
				DEBUGGING_SYMBOLS = YES;
				DEBUG_INFORMATION_FORMAT = dwarf;
				GCC_GENERATE_DEBUGGING_SYMBOLS = YES;
				GCC_OPTIMIZATION_LEVEL = 0;
				OTHER_CFLAGS = "";
				OTHER_LDFLAGS = "";
				PRODUCT_NAME = "$(TARGET_NAME)";
			};
			name = Debug;
		};
		E476D7F71C84929A006DF72F /* Release */ = {
			isa = XCBuildConfiguration;
			buildSettings = {
				DEBUG_INFORMATION_FORMAT = "dwarf-with-dsym";
				OTHER_CFLAGS = "";
				OTHER_LDFLAGS = "";
				PRODUCT_NAME = "$(TARGET_NAME)";
			};
			name = Release;
		};
/* End XCBuildConfiguration section */

/* Begin XCConfigurationList section */
		E476D7F11C84929A006DF72F /* Build configuration list for PBXProject "livecode" */ = {
			isa = XCConfigurationList;
			buildConfigurations = (
				E476D7F31C84929A006DF72F /* Debug */,
				E476D7F41C84929A006DF72F /* Release */,
			);
			defaultConfigurationIsVisible = 0;
			defaultConfigurationName = Release;
		};
		E476D7F51C84929A006DF72F /* Build configuration list for PBXLegacyTarget "livecode" */ = {
			isa = XCConfigurationList;
			buildConfigurations = (
				E476D7F61C84929A006DF72F /* Debug */,
				E476D7F71C84929A006DF72F /* Release */,
			);
			defaultConfigurationIsVisible = 0;
			defaultConfigurationName = Release;
		};
/* End XCConfigurationList section */
	};
	rootObject = E476D7EE1C84929A006DF72F /* Project object */;
}
